
Microsoft Visual Studio Solution File, Format Version 12.00
# Visual Studio Version 17
VisualStudioVersion = 17.4.33213.308
MinimumVisualStudioVersion = 10.0.40219.1
Project("{9A19103F-16F7-4668-BE54-9A1E7A4F7556}") = "MagnetoLibrary", "MagnetoLibrary\MagnetoLibrary.csproj", "{0324A671-A47F-4CC8-8725-A49BBFD8D8F2}"
EndProject
Project("{9A19103F-16F7-4668-BE54-9A1E7A4F7556}") = "Magneto.Desktop.WindowsApp", "Magneto.Desktop.WindowsApp\Magneto.Desktop.WindowsApp.csproj", "{BA461588-F6BD-496C-99DF-2F680EBA09B9}"
EndProject
Global
	GlobalSection(SolutionConfigurationPlatforms) = preSolution
		Debug|Any CPU = Debug|Any CPU
		Release|Any CPU = Release|Any CPU
	EndGlobalSection
	GlobalSection(ProjectConfigurationPlatforms) = postSolution
		{0324A671-A47F-4CC8-8725-A49BBFD8D8F2}.Debug|Any CPU.ActiveCfg = Debug|Any CPU
		{0324A671-A47F-4CC8-8725-A49BBFD8D8F2}.Debug|Any CPU.Build.0 = Debug|Any CPU
		{0324A671-A47F-4CC8-8725-A49BBFD8D8F2}.Release|Any CPU.ActiveCfg = Release|Any CPU
		{0324A671-A47F-4CC8-8725-A49BBFD8D8F2}.Release|Any CPU.Build.0 = Release|Any CPU
		{BA461588-F6BD-496C-99DF-2F680EBA09B9}.Debug|Any CPU.ActiveCfg = Debug|Any CPU
		{BA461588-F6BD-496C-99DF-2F680EBA09B9}.Debug|Any CPU.Build.0 = Debug|Any CPU
		{BA461588-F6BD-496C-99DF-2F680EBA09B9}.Release|Any CPU.ActiveCfg = Release|Any CPU
		{BA461588-F6BD-496C-99DF-2F680EBA09B9}.Release|Any CPU.Build.0 = Release|Any CPU
	EndGlobalSection
	GlobalSection(SolutionProperties) = preSolution
		HideSolutionNode = FALSE
	EndGlobalSection
	GlobalSection(ExtensibilityGlobals) = postSolution
		SolutionGuid = {1F0DBA67-0A75-420E-89C3-68C5775FFAF7}
	EndGlobalSection
EndGlobal
